
Microsoft Visual Studio Solution File, Format Version 12.00
# Visual Studio 15
VisualStudioVersion = 15.0.27130.2027
MinimumVisualStudioVersion = 10.0.40219.1
Project("{888888A0-9F3D-457C-B088-3A5042F75D52}") = "KSScraper", "KSScraper\KSScraper.pyproj", "{5D4692F2-B468-44FA-9864-0D0B68524B01}"
EndProject
Global
	GlobalSection(SolutionConfigurationPlatforms) = preSolution
		Debug|Any CPU = Debug|Any CPU
		Release|Any CPU = Release|Any CPU
	EndGlobalSection
	GlobalSection(ProjectConfigurationPlatforms) = postSolution
		{5D4692F2-B468-44FA-9864-0D0B68524B01}.Debug|Any CPU.ActiveCfg = Debug|Any CPU
		{5D4692F2-B468-44FA-9864-0D0B68524B01}.Release|Any CPU.ActiveCfg = Release|Any CPU
	EndGlobalSection
	GlobalSection(SolutionProperties) = preSolution
		HideSolutionNode = FALSE
	EndGlobalSection
	GlobalSection(ExtensibilityGlobals) = postSolution
		SolutionGuid = {03A91A55-24A4-4375-B674-E47DD2CADC39}
	EndGlobalSection
EndGlobal
